github.com/orcaman/concurrent-map/v2 v2.0.0 h1:iSMwuBQvQ1nX5i9gYuGMiSy0fjWHmazdjF+NdSO9JzI=
github.com/orcaman/concurrent-map/v2 v2.0.0/go.mod h1:9Eq3TG2oBe5FirmYWQfYO5iH1q0Jv47PLaNK++uCdOM=
golang.org/x/net v0.0.0-20220802222814-0bcc04d9c69b h1:3ogNYyK4oIQdIKzTu68hQrr4iuVxF3AxKl9Aj/eDrw0=
golang.org/x/net v0.0.0-20220802222814-0bcc04d9c69b/go.mod h1:YDH+HFinaLZZlnHAfSS6ZXJJ9M9t4Dl22yv3iI2vPwk=
