github.com/orcaman/concurrent-map/v2 v2.0.0 h1:iSMwuBQvQ1nX5i9gYuGMiSy0fjWHmazdjF+NdSO9JzI=
github.com/orcaman/concurrent-map/v2 v2.0.0/go.mod h1:9Eq3TG2oBe5FirmYWQfYO5iH1q0Jv47PLaNK++uCdOM=
golang.org/x/net v0.0.0-20221004154528-8021a29435af h1:wv66FM3rLZGPdxpYL+ApnDe2HzHcTFta3z5nsc13wI4=
golang.org/x/net v0.0.0-20221004154528-8021a29435af/go.mod h1:YDH+HFinaLZZlnHAfSS6ZXJJ9M9t4Dl22yv3iI2vPwk=
